
Microsoft Visual Studio Solution File, Format Version 12.00
# Visual Studio Version 17
VisualStudioVersion = 17.4.33213.308
MinimumVisualStudioVersion = 10.0.40219.1
Project("{FAE04EC0-301F-11D3-BF4B-00C04F79EFBC}") = "bill_calc_oop", "bill_calc_oop.csproj", "{F6C05CEE-422B-4488-9416-A2514A2B48BB}"
EndProject
Global
	GlobalSection(SolutionConfigurationPlatforms) = preSolution
		Debug|Any CPU = Debug|Any CPU
		Release|Any CPU = Release|Any CPU
	EndGlobalSection
	GlobalSection(ProjectConfigurationPlatforms) = postSolution
		{F6C05CEE-422B-4488-9416-A2514A2B48BB}.Debug|Any CPU.ActiveCfg = Debug|Any CPU
		{F6C05CEE-422B-4488-9416-A2514A2B48BB}.Debug|Any CPU.Build.0 = Debug|Any CPU
		{F6C05CEE-422B-4488-9416-A2514A2B48BB}.Release|Any CPU.ActiveCfg = Release|Any CPU
		{F6C05CEE-422B-4488-9416-A2514A2B48BB}.Release|Any CPU.Build.0 = Release|Any CPU
	EndGlobalSection
	GlobalSection(SolutionProperties) = preSolution
		HideSolutionNode = FALSE
	EndGlobalSection
	GlobalSection(ExtensibilityGlobals) = postSolution
		SolutionGuid = {319F1ED1-8883-44B5-A5A9-B36CC3B39A72}
	EndGlobalSection
EndGlobal
